
Microsoft Visual Studio Solution File, Format Version 12.00
# Visual Studio Version 18
VisualStudioVersion = 18.7.11925.98 stable
MinimumVisualStudioVersion = 10.0.40219.1
Project("{8BC9CEB8-8B4A-11D0-8D11-00A0C91BC942}") = "CipherLib", "CipherLib\CipherLib.vcxproj", "{2703DB1A-98CA-489C-B9E2-42621F950C4A}"
EndProject
Project("{8BC9CEB8-8B4A-11D0-8D11-00A0C91BC942}") = "TextEditor", "TextEditor\TextEditor.vcxproj", "{7F67FB61-E2A0-4040-8E37-92C3C9C4D150}"
EndProject
Project("{2150E333-8FDC-42A3-9474-1A3956D46DE8}") = "Элементы решения", "Элементы решения", "{B2CF8083-9E23-48F0-BBC6-46C9D930AB69}"
EndProject
Global
	GlobalSection(SolutionConfigurationPlatforms) = preSolution
		Debug|x64 = Debug|x64
		Debug|x86 = Debug|x86
		Release|x64 = Release|x64
		Release|x86 = Release|x86
	EndGlobalSection
	GlobalSection(ProjectConfigurationPlatforms) = postSolution
		{2703DB1A-98CA-489C-B9E2-42621F950C4A}.Debug|x64.ActiveCfg = Debug|x64
		{2703DB1A-98CA-489C-B9E2-42621F950C4A}.Debug|x64.Build.0 = Debug|x64
		{2703DB1A-98CA-489C-B9E2-42621F950C4A}.Debug|x86.ActiveCfg = Debug|Win32
		{2703DB1A-98CA-489C-B9E2-42621F950C4A}.Debug|x86.Build.0 = Debug|Win32
		{2703DB1A-98CA-489C-B9E2-42621F950C4A}.Release|x64.ActiveCfg = Release|x64
		{2703DB1A-98CA-489C-B9E2-42621F950C4A}.Release|x64.Build.0 = Release|x64
		{2703DB1A-98CA-489C-B9E2-42621F950C4A}.Release|x86.ActiveCfg = Release|Win32
		{2703DB1A-98CA-489C-B9E2-42621F950C4A}.Release|x86.Build.0 = Release|Win32
		{7F67FB61-E2A0-4040-8E37-92C3C9C4D150}.Debug|x64.ActiveCfg = Debug|x64
		{7F67FB61-E2A0-4040-8E37-92C3C9C4D150}.Debug|x64.Build.0 = Debug|x64
		{7F67FB61-E2A0-4040-8E37-92C3C9C4D150}.Debug|x86.ActiveCfg = Debug|Win32
		{7F67FB61-E2A0-4040-8E37-92C3C9C4D150}.Debug|x86.Build.0 = Debug|Win32
		{7F67FB61-E2A0-4040-8E37-92C3C9C4D150}.Release|x64.ActiveCfg = Release|x64
		{7F67FB61-E2A0-4040-8E37-92C3C9C4D150}.Release|x64.Build.0 = Release|x64
		{7F67FB61-E2A0-4040-8E37-92C3C9C4D150}.Release|x86.ActiveCfg = Release|Win32
		{7F67FB61-E2A0-4040-8E37-92C3C9C4D150}.Release|x86.Build.0 = Release|Win32
	EndGlobalSection
	GlobalSection(SolutionProperties) = preSolution
		HideSolutionNode = FALSE
	EndGlobalSection
	GlobalSection(ExtensibilityGlobals) = postSolution
		SolutionGuid = {AB833956-0765-413A-B399-E45E5E3D108D}
	EndGlobalSection
EndGlobal
